{
  "name": "node-server-key-generator",
  "version": "1.0.0",
  "lockfileVersion": 3,
  "requires": true,
  "packages": {
    "": {
      "name": "node-server-key-generator",
      "version": "1.0.0",
      "license": "ISC",
      "dependencies": {
        "dotenv": "^17.2.1",
        "jose": "^6.0.12"
      }
    },
    "node_modules/dotenv": {
      "version": "17.2.1",
      "resolved": "https://registry.npmjs.org/dotenv/-/dotenv-17.2.1.tgz",
      "integrity": "sha512-kQhDYKZecqnM0fCnzI5eIv5L4cAe/iRI+HqMbO/hbRdTAeXDG+M9FjipUxNfbARuEg4iHIbhnhs78BCHNbSxEQ==",
      "license": "BSD-2-Clause",
      "engines": {
        "node": ">=12"
      },
      "funding": {
        "url": "https://dotenvx.com"
      }
    },
    "node_modules/jose": {
      "version": "6.0.12",
      "resolved": "https://registry.npmjs.org/jose/-/jose-6.0.12.tgz",
      "integrity": "sha512-T8xypXs8CpmiIi78k0E+Lk7T2zlK4zDyg+o1CZ4AkOHgDg98ogdP2BeZ61lTFKFyoEwJ9RgAgN+SdM3iPgNonQ==",
      "license": "MIT",
      "funding": {
        "url": "https://github.com/sponsors/panva"
      }
    }
  }
}
